// !$*UTF8*$!
{
	archiveVersion = 1;
	classes = {
	};
	objectVersion = 46;
	objects = {

/* Begin PBXBuildFile section */
		03732DFD1CFD422C00F5F000 /* AppDelegate.swift in Sources */ = {isa = PBXBuildFile; fileRef = 03732DFC1CFD422C00F5F000 /* AppDelegate.swift */; };
		03732DFF1CFD422C00F5F000 /* ViewController.swift in Sources */ = {isa = PBXBuildFile; fileRef = 03732DFE1CFD422C00F5F000 /* ViewController.swift */; };
		03732E021CFD422C00F5F000 /* Main.storyboard in Resources */ = {isa = PBXBuildFile; fileRef = 03732E001CFD422C00F5F000 /* Main.storyboard */; };
		03732E051CFD422C00F5F000 /* buscadorLibrosTablas.xcdatamodeld in Sources */ = {isa = PBXBuildFile; fileRef = 03732E031CFD422C00F5F000 /* buscadorLibrosTablas.xcdatamodeld */; };
		03732E071CFD422C00F5F000 /* Assets.xcassets in Resources */ = {isa = PBXBuildFile; fileRef = 03732E061CFD422C00F5F000 /* Assets.xcassets */; };
		03732E0A1CFD422C00F5F000 /* LaunchScreen.storyboard in Resources */ = {isa = PBXBuildFile; fileRef = 03732E081CFD422C00F5F000 /* LaunchScreen.storyboard */; };
		03BC49D71CFE47E600E23D00 /* LibroTableViewCell.swift in Sources */ = {isa = PBXBuildFile; fileRef = 03BC49D61CFE47E600E23D00 /* LibroTableViewCell.swift */; };
		03BC49D91CFE494600E23D00 /* LibrosTableViewController.swift in Sources */ = {isa = PBXBuildFile; fileRef = 03BC49D81CFE494600E23D00 /* LibrosTableViewController.swift */; };
		03BC49DB1CFE4BD800E23D00 /* BuscarLibroViewController.swift in Sources */ = {isa = PBXBuildFile; fileRef = 03BC49DA1CFE4BD800E23D00 /* BuscarLibroViewController.swift */; };
		03BC49DD1CFE4EF600E23D00 /* Libro.swift in Sources */ = {isa = PBXBuildFile; fileRef = 03BC49DC1CFE4EF600E23D00 /* Libro.swift */; };
		03CB903C1CFFC45300A52C87 /* DetalleLibroViewController.swift in Sources */ = {isa = PBXBuildFile; fileRef = 03CB903B1CFFC45300A52C87 /* DetalleLibroViewController.swift */; };
/* End PBXBuildFile section */

/* Begin PBXFileReference section */
		03732DF91CFD422C00F5F000 /* buscadorLibrosTablas.app */ = {isa = PBXFileReference; explicitFileType = wrapper.application; includeInIndex = 0; path = buscadorLibrosTablas.app; sourceTree = BUILT_PRODUCTS_DIR; };
		03732DFC1CFD422C00F5F000 /* AppDelegate.swift */ = {isa = PBXFileReference; lastKnownFileType = sourcecode.swift; path = AppDelegate.swift; sourceTree = "<group>"; };
		03732DFE1CFD422C00F5F000 /* ViewController.swift */ = {isa = PBXFileReference; lastKnownFileType = sourcecode.swift; path = ViewController.swift; sourceTree = "<group>"; };
		03732E011CFD422C00F5F000 /* Base */ = {isa = PBXFileReference; lastKnownFileType = file.storyboard; name = Base; path = Base.lproj/Main.storyboard; sourceTree = "<group>"; };
		03732E041CFD422C00F5F000 /* buscadorLibrosTablas.xcdatamodel */ = {isa = PBXFileReference; lastKnownFileType = wrapper.xcdatamodel; path = buscadorLibrosTablas.xcdatamodel; sourceTree = "<group>"; };
		03732E061CFD422C00F5F000 /* Assets.xcassets */ = {isa = PBXFileReference; lastKnownFileType = folder.assetcatalog; path = Assets.xcassets; sourceTree = "<group>"; };
		03732E091CFD422C00F5F000 /* Base */ = {isa = PBXFileReference; lastKnownFileType = file.storyboard; name = Base; path = Base.lproj/LaunchScreen.storyboard; sourceTree = "<group>"; };
		03732E0B1CFD422C00F5F000 /* Info.plist */ = {isa = PBXFileReference; lastKnownFileType = text.plist.xml; path = Info.plist; sourceTree = "<group>"; };
		03BC49D61CFE47E600E23D00 /* LibroTableViewCell.swift */ = {isa = PBXFileReference; fileEncoding = 4; lastKnownFileType = sourcecode.swift; path = LibroTableViewCell.swift; sourceTree = "<group>"; };
		03BC49D81CFE494600E23D00 /* LibrosTableViewController.swift */ = {isa = PBXFileReference; fileEncoding = 4; lastKnownFileType = sourcecode.swift; path = LibrosTableViewController.swift; sourceTree = "<group>"; };
		03BC49DA1CFE4BD800E23D00 /* BuscarLibroViewController.swift */ = {isa = PBXFileReference; fileEncoding = 4; lastKnownFileType = sourcecode.swift; path = BuscarLibroViewController.swift; sourceTree = "<group>"; };
		03BC49DC1CFE4EF600E23D00 /* Libro.swift */ = {isa = PBXFileReference; fileEncoding = 4; lastKnownFileType = sourcecode.swift; path = Libro.swift; sourceTree = "<group>"; };
		03CB903B1CFFC45300A52C87 /* DetalleLibroViewController.swift */ = {isa = PBXFileReference; fileEncoding = 4; lastKnownFileType = sourcecode.swift; path = DetalleLibroViewController.swift; sourceTree = "<group>"; };
/* End PBXFileReference section */

/* Begin PBXFrameworksBuildPhase section */
		03732DF61CFD422C00F5F000 /* Frameworks */ = {
			isa = PBXFrameworksBuildPhase;
			buildActionMask = 2147483647;
			files = (
			);
			runOnlyForDeploymentPostprocessing = 0;
		};
/* End PBXFrameworksBuildPhase section */

/* Begin PBXGroup section */
		03732DF01CFD422C00F5F000 = {
			isa = PBXGroup;
			children = (
				03732DFB1CFD422C00F5F000 /* buscadorLibrosTablas */,
				03732DFA1CFD422C00F5F000 /* Products */,
			);
			sourceTree = "<group>";
		};
		03732DFA1CFD422C00F5F000 /* Products */ = {
			isa = PBXGroup;
			children = (
				03732DF91CFD422C00F5F000 /* buscadorLibrosTablas.app */,
			);
			name = Products;
			sourceTree = "<group>";
		};
		03732DFB1CFD422C00F5F000 /* buscadorLibrosTablas */ = {
			isa = PBXGroup;
			children = (
				03732DFC1CFD422C00F5F000 /* AppDelegate.swift */,
				03732DFE1CFD422C00F5F000 /* ViewController.swift */,
				03732E001CFD422C00F5F000 /* Main.storyboard */,
				03732E061CFD422C00F5F000 /* Assets.xcassets */,
				03732E081CFD422C00F5F000 /* LaunchScreen.storyboard */,
				03732E0B1CFD422C00F5F000 /* Info.plist */,
				03732E031CFD422C00F5F000 /* buscadorLibrosTablas.xcdatamodeld */,
				03BC49D61CFE47E600E23D00 /* LibroTableViewCell.swift */,
				03BC49D81CFE494600E23D00 /* LibrosTableViewController.swift */,
				03BC49DA1CFE4BD800E23D00 /* BuscarLibroViewController.swift */,
				03BC49DC1CFE4EF600E23D00 /* Libro.swift */,
				03CB903B1CFFC45300A52C87 /* DetalleLibroViewController.swift */,
			);
			path = buscadorLibrosTablas;
			sourceTree = "<group>";
		};
/* End PBXGroup section */

/* Begin PBXNativeTarget section */
		03732DF81CFD422C00F5F000 /* buscadorLibrosTablas */ = {
			isa = PBXNativeTarget;
			buildConfigurationList = 03732E0E1CFD422C00F5F000 /* Build configuration list for PBXNativeTarget "buscadorLibrosTablas" */;
			buildPhases = (
				03732DF51CFD422C00F5F000 /* Sources */,
				03732DF61CFD422C00F5F000 /* Frameworks */,
				03732DF71CFD422C00F5F000 /* Resources */,
			);
			buildRules = (
			);
			dependencies = (
			);
			name = buscadorLibrosTablas;
			productName = buscadorLibrosTablas;
			productReference = 03732DF91CFD422C00F5F000 /* buscadorLibrosTablas.app */;
			productType = "com.apple.product-type.application";
		};
/* End PBXNativeTarget section */

/* Begin PBXProject section */
		03732DF11CFD422C00F5F000 /* Project object */ = {
			isa = PBXProject;
			attributes = {
				LastSwiftUpdateCheck = 0730;
				LastUpgradeCheck = 0730;
				ORGANIZATIONNAME = "Nicolas Roman Toro";
				TargetAttributes = {
					03732DF81CFD422C00F5F000 = {
						CreatedOnToolsVersion = 7.3.1;
					};
				};
			};
			buildConfigurationList = 03732DF41CFD422C00F5F000 /* Build configuration list for PBXProject "buscadorLibrosTablas" */;
			compatibilityVersion = "Xcode 3.2";
			developmentRegion = English;
			hasScannedForEncodings = 0;
			knownRegions = (
				en,
				Base,
			);
			mainGroup = 03732DF01CFD422C00F5F000;
			productRefGroup = 03732DFA1CFD422C00F5F000 /* Products */;
			projectDirPath = "";
			projectRoot = "";
			targets = (
				03732DF81CFD422C00F5F000 /* buscadorLibrosTablas */,
			);
		};
/* End PBXProject section */

/* Begin PBXResourcesBuildPhase section */
		03732DF71CFD422C00F5F000 /* Resources */ = {
			isa = PBXResourcesBuildPhase;
			buildActionMask = 2147483647;
			files = (
				03732E0A1CFD422C00F5F000 /* LaunchScreen.storyboard in Resources */,
				03732E071CFD422C00F5F000 /* Assets.xcassets in Resources */,
				03732E021CFD422C00F5F000 /* Main.storyboard in Resources */,
			);
			runOnlyForDeploymentPostprocessing = 0;
		};
/* End PBXResourcesBuildPhase section */

/* Begin PBXSourcesBuildPhase section */
		03732DF51CFD422C00F5F000 /* Sources */ = {
			isa = PBXSourcesBuildPhase;
			buildActionMask = 2147483647;
			files = (
				03BC49DD1CFE4EF600E23D00 /* Libro.swift in Sources */,
				03BC49D91CFE494600E23D00 /* LibrosTableViewController.swift in Sources */,
				03CB903C1CFFC45300A52C87 /* DetalleLibroViewController.swift in Sources */,
				03732DFF1CFD422C00F5F000 /* ViewController.swift in Sources */,
				03732E051CFD422C00F5F000 /* buscadorLibrosTablas.xcdatamodeld in Sources */,
				03BC49D71CFE47E600E23D00 /* LibroTableViewCell.swift in Sources */,
				03732DFD1CFD422C00F5F000 /* AppDelegate.swift in Sources */,
				03BC49DB1CFE4BD800E23D00 /* BuscarLibroViewController.swift in Sources */,
			);
			runOnlyForDeploymentPostprocessing = 0;
		};
/* End PBXSourcesBuildPhase section */

/* Begin PBXVariantGroup section */
		03732E001CFD422C00F5F000 /* Main.storyboard */ = {
			isa = PBXVariantGroup;
			children = (
				03732E011CFD422C00F5F000 /* Base */,
			);
			name = Main.storyboard;
			sourceTree = "<group>";
		};
		03732E081CFD422C00F5F000 /* LaunchScreen.storyboard */ = {
			isa = PBXVariantGroup;
			children = (
				03732E091CFD422C00F5F000 /* Base */,
			);
			name = LaunchScreen.storyboard;
			sourceTree = "<group>";
		};
/* End PBXVariantGroup section */

/* Begin XCBuildConfiguration section */
		03732E0C1CFD422C00F5F000 /* Debug */ = {
			isa = XCBuildConfiguration;
			buildSettings = {
				ALWAYS_SEARCH_USER_PATHS = NO;
				CLANG_ANALYZER_NONNULL = YES;
				CLANG_CXX_LANGUAGE_STANDARD = "gnu++0x";
				CLANG_CXX_LIBRARY = "libc++";
				CLANG_ENABLE_MODULES = YES;
				CLANG_ENABLE_OBJC_ARC = YES;
				CLANG_WARN_BOOL_CONVERSION = YES;
				CLANG_WARN_CONSTANT_CONVERSION = YES;
				CLANG_WARN_DIRECT_OBJC_ISA_USAGE = YES_ERROR;
				CLANG_WARN_EMPTY_BODY = YES;
				CLANG_WARN_ENUM_CONVERSION = YES;
				CLANG_WARN_INT_CONVERSION = YES;
				CLANG_WARN_OBJC_ROOT_CLASS = YES_ERROR;
				CLANG_WARN_UNREACHABLE_CODE = YES;
				CLANG_WARN__DUPLICATE_METHOD_MATCH = YES;
				"CODE_SIGN_IDENTITY[sdk=iphoneos*]" = "iPhone Developer";
				COPY_PHASE_STRIP = NO;
				DEBUG_INFORMATION_FORMAT = dwarf;
				ENABLE_STRICT_OBJC_MSGSEND = YES;
				ENABLE_TESTABILITY = YES;
				GCC_C_LANGUAGE_STANDARD = gnu99;
				GCC_DYNAMIC_NO_PIC = NO;
				GCC_NO_COMMON_BLOCKS = YES;
				GCC_OPTIMIZATION_LEVEL = 0;
				GCC_PREPROCESSOR_DEFINITIONS = (
					"DEBUG=1",
					"$(inherited)",
				);
				GCC_WARN_64_TO_32_BIT_CONVERSION = YES;
				GCC_WARN_ABOUT_RETURN_TYPE = YES_ERROR;
				GCC_WARN_UNDECLARED_SELECTOR = YES;
				GCC_WARN_UNINITIALIZED_AUTOS = YES_AGGRESSIVE;
				GCC_WARN_UNUSED_FUNCTION = YES;
				GCC_WARN_UNUSED_VARIABLE = YES;
				IPHONEOS_DEPLOYMENT_TARGET = 9.3;
				MTL_ENABLE_DEBUG_INFO = YES;
				ONLY_ACTIVE_ARCH = YES;
				SDKROOT = iphoneos;
				SWIFT_OPTIMIZATION_LEVEL = "-Onone";
			};
			name = Debug;
		};
		03732E0D1CFD422C00F5F000 /* Release */ = {
			isa = XCBuildConfiguration;
			buildSettings = {
				ALWAYS_SEARCH_USER_PATHS = NO;
				CLANG_ANALYZER_NONNULL = YES;
				CLANG_CXX_LANGUAGE_STANDARD = "gnu++0x";
				CLANG_CXX_LIBRARY = "libc++";
				CLANG_ENABLE_MODULES = YES;
				CLANG_ENABLE_OBJC_ARC = YES;
				CLANG_WARN_BOOL_CONVERSION = YES;
				CLANG_WARN_CONSTANT_CONVERSION = YES;
				CLANG_WARN_DIRECT_OBJC_ISA_USAGE = YES_ERROR;
				CLANG_WARN_EMPTY_BODY = YES;
				CLANG_WARN_ENUM_CONVERSION = YES;
				CLANG_WARN_INT_CONVERSION = YES;
				CLANG_WARN_OBJC_ROOT_CLASS = YES_ERROR;
				CLANG_WARN_UNREACHABLE_CODE = YES;
				CLANG_WARN__DUPLICATE_METHOD_MATCH = YES;
				"CODE_SIGN_IDENTITY[sdk=iphoneos*]" = "iPhone Developer";
				COPY_PHASE_STRIP = NO;
				DEBUG_INFORMATION_FORMAT = "dwarf-with-dsym";
				ENABLE_NS_ASSERTIONS = NO;
				ENABLE_STRICT_OBJC_MSGSEND = YES;
				GCC_C_LANGUAGE_STANDARD = gnu99;
				GCC_NO_COMMON_BLOCKS = YES;
				GCC_WARN_64_TO_32_BIT_CONVERSION = YES;
				GCC_WARN_ABOUT_RETURN_TYPE = YES_ERROR;
				GCC_WARN_UNDECLARED_SELECTOR = YES;
				GCC_WARN_UNINITIALIZED_AUTOS = YES_AGGRESSIVE;
				GCC_WARN_UNUSED_FUNCTION = YES;
				GCC_WARN_UNUSED_VARIABLE = YES;
				IPHONEOS_DEPLOYMENT_TARGET = 9.3;
				MTL_ENABLE_DEBUG_INFO = NO;
				SDKROOT = iphoneos;
				VALIDATE_PRODUCT = YES;
			};
			name = Release;
		};
		03732E0F1CFD422C00F5F000 /* Debug */ = {
			isa = XCBuildConfiguration;
			buildSettings = {
				ASSETCATALOG_COMPILER_APPICON_NAME = AppIcon;
				INFOPLIST_FILE = buscadorLibrosTablas/Info.plist;
				LD_RUNPATH_SEARCH_PATHS = "$(inherited) @executable_path/Frameworks";
				PRODUCT_BUNDLE_IDENTIFIER = com.yourcompany.buscadorLibrosTablas;
				PRODUCT_NAME = "$(TARGET_NAME)";
			};
			name = Debug;
		};
		03732E101CFD422C00F5F000 /* Release */ = {
			isa = XCBuildConfiguration;
			buildSettings = {
				ASSETCATALOG_COMPILER_APPICON_NAME = AppIcon;
				INFOPLIST_FILE = buscadorLibrosTablas/Info.plist;
				LD_RUNPATH_SEARCH_PATHS = "$(inherited) @executable_path/Frameworks";
				PRODUCT_BUNDLE_IDENTIFIER = com.yourcompany.buscadorLibrosTablas;
				PRODUCT_NAME = "$(TARGET_NAME)";
			};
			name = Release;
		};
/* End XCBuildConfiguration section */

/* Begin XCConfigurationList section */
		03732DF41CFD422C00F5F000 /* Build configuration list for PBXProject "buscadorLibrosTablas" */ = {
			isa = XCConfigurationList;
			buildConfigurations = (
				03732E0C1CFD422C00F5F000 /* Debug */,
				03732E0D1CFD422C00F5F000 /* Release */,
			);
			defaultConfigurationIsVisible = 0;
			defaultConfigurationName = Release;
		};
		03732E0E1CFD422C00F5F000 /* Build configuration list for PBXNativeTarget "buscadorLibrosTablas" */ = {
			isa = XCConfigurationList;
			buildConfigurations = (
				03732E0F1CFD422C00F5F000 /* Debug */,
				03732E101CFD422C00F5F000 /* Release */,
			);
			defaultConfigurationIsVisible = 0;
			defaultConfigurationName = Release;
		};
/* End XCConfigurationList section */

/* Begin XCVersionGroup section */
		03732E031CFD422C00F5F000 /* buscadorLibrosTablas.xcdatamodeld */ = {
			isa = XCVersionGroup;
			children = (
				03732E041CFD422C00F5F000 /* buscadorLibrosTablas.xcdatamodel */,
			);
			currentVersion = 03732E041CFD422C00F5F000 /* buscadorLibrosTablas.xcdatamodel */;
			path = buscadorLibrosTablas.xcdatamodeld;
			sourceTree = "<group>";
			versionGroupType = wrapper.xcdatamodel;
		};
/* End XCVersionGroup section */
	};
	rootObject = 03732DF11CFD422C00F5F000 /* Project object */;
}
